
Microsoft Visual Studio Solution File, Format Version 12.00
# Visual Studio 2013
VisualStudioVersion = 12.0.30110.0
MinimumVisualStudioVersion = 10.0.40219.1
Project("{8BC9CEB8-8B4A-11D0-8D11-00A0C91BC942}") = "MariusParserLib", "MariusParserLib.vcxproj", "{51670F2B-3F37-4C6D-9F9A-34D85035E447}"
EndProject
Project("{8BC9CEB8-8B4A-11D0-8D11-00A0C91BC942}") = "ParserWindows", "..\GUI\ParserWindows\ParserWindows\ParserWindows.vcxproj", "{BA6B5F20-6137-4B31-8445-CC56941D8AA1}"
	ProjectSection(ProjectDependencies) = postProject
		{51670F2B-3F37-4C6D-9F9A-34D85035E447} = {51670F2B-3F37-4C6D-9F9A-34D85035E447}
	EndProjectSection
EndProject
Project("{8BC9CEB8-8B4A-11D0-8D11-00A0C91BC942}") = "Tests", "Tests\Tests\Tests.vcxproj", "{D97015AA-4F90-4F2F-BA54-EF2B8BC9F793}"
	ProjectSection(ProjectDependencies) = postProject
		{51670F2B-3F37-4C6D-9F9A-34D85035E447} = {51670F2B-3F37-4C6D-9F9A-34D85035E447}
	EndProjectSection
EndProject
Global
	GlobalSection(SolutionConfigurationPlatforms) = preSolution
		Debug|Mixed Platforms = Debug|Mixed Platforms
		Debug|Win32 = Debug|Win32
		Debug|x64 = Debug|x64
		Release|Mixed Platforms = Release|Mixed Platforms
		Release|Win32 = Release|Win32
		Release|x64 = Release|x64
	EndGlobalSection
	GlobalSection(ProjectConfigurationPlatforms) = postSolution
		{51670F2B-3F37-4C6D-9F9A-34D85035E447}.Debug|Mixed Platforms.ActiveCfg = Debug|Win32
		{51670F2B-3F37-4C6D-9F9A-34D85035E447}.Debug|Mixed Platforms.Build.0 = Debug|Win32
		{51670F2B-3F37-4C6D-9F9A-34D85035E447}.Debug|Win32.ActiveCfg = Debug|Win32
		{51670F2B-3F37-4C6D-9F9A-34D85035E447}.Debug|Win32.Build.0 = Debug|Win32
		{51670F2B-3F37-4C6D-9F9A-34D85035E447}.Debug|x64.ActiveCfg = Debug|x64
		{51670F2B-3F37-4C6D-9F9A-34D85035E447}.Debug|x64.Build.0 = Debug|x64
		{51670F2B-3F37-4C6D-9F9A-34D85035E447}.Release|Mixed Platforms.ActiveCfg = Release|Win32
		{51670F2B-3F37-4C6D-9F9A-34D85035E447}.Release|Mixed Platforms.Build.0 = Release|Win32
		{51670F2B-3F37-4C6D-9F9A-34D85035E447}.Release|Win32.ActiveCfg = Release|Win32
		{51670F2B-3F37-4C6D-9F9A-34D85035E447}.Release|Win32.Build.0 = Release|Win32
		{51670F2B-3F37-4C6D-9F9A-34D85035E447}.Release|x64.ActiveCfg = Release|x64
		{51670F2B-3F37-4C6D-9F9A-34D85035E447}.Release|x64.Build.0 = Release|x64
		{BA6B5F20-6137-4B31-8445-CC56941D8AA1}.Debug|Mixed Platforms.ActiveCfg = Debug|Win32
		{BA6B5F20-6137-4B31-8445-CC56941D8AA1}.Debug|Mixed Platforms.Build.0 = Debug|Win32
		{BA6B5F20-6137-4B31-8445-CC56941D8AA1}.Debug|Win32.ActiveCfg = Debug|Win32
		{BA6B5F20-6137-4B31-8445-CC56941D8AA1}.Debug|Win32.Build.0 = Debug|Win32
		{BA6B5F20-6137-4B31-8445-CC56941D8AA1}.Debug|x64.ActiveCfg = Debug|x64
		{BA6B5F20-6137-4B31-8445-CC56941D8AA1}.Debug|x64.Build.0 = Debug|x64
		{BA6B5F20-6137-4B31-8445-CC56941D8AA1}.Release|Mixed Platforms.ActiveCfg = Release|Win32
		{BA6B5F20-6137-4B31-8445-CC56941D8AA1}.Release|Mixed Platforms.Build.0 = Release|Win32
		{BA6B5F20-6137-4B31-8445-CC56941D8AA1}.Release|Win32.ActiveCfg = Release|Win32
		{BA6B5F20-6137-4B31-8445-CC56941D8AA1}.Release|Win32.Build.0 = Release|Win32
		{BA6B5F20-6137-4B31-8445-CC56941D8AA1}.Release|x64.ActiveCfg = Release|x64
		{BA6B5F20-6137-4B31-8445-CC56941D8AA1}.Release|x64.Build.0 = Release|x64
		{D97015AA-4F90-4F2F-BA54-EF2B8BC9F793}.Debug|Mixed Platforms.ActiveCfg = Debug|Win32
		{D97015AA-4F90-4F2F-BA54-EF2B8BC9F793}.Debug|Mixed Platforms.Build.0 = Debug|Win32
		{D97015AA-4F90-4F2F-BA54-EF2B8BC9F793}.Debug|Win32.ActiveCfg = Debug|Win32
		{D97015AA-4F90-4F2F-BA54-EF2B8BC9F793}.Debug|Win32.Build.0 = Debug|Win32
		{D97015AA-4F90-4F2F-BA54-EF2B8BC9F793}.Debug|x64.ActiveCfg = Debug|x64
		{D97015AA-4F90-4F2F-BA54-EF2B8BC9F793}.Debug|x64.Build.0 = Debug|x64
		{D97015AA-4F90-4F2F-BA54-EF2B8BC9F793}.Release|Mixed Platforms.ActiveCfg = Release|Win32
		{D97015AA-4F90-4F2F-BA54-EF2B8BC9F793}.Release|Mixed Platforms.Build.0 = Release|Win32
		{D97015AA-4F90-4F2F-BA54-EF2B8BC9F793}.Release|Win32.ActiveCfg = Release|Win32
		{D97015AA-4F90-4F2F-BA54-EF2B8BC9F793}.Release|Win32.Build.0 = Release|Win32
		{D97015AA-4F90-4F2F-BA54-EF2B8BC9F793}.Release|x64.ActiveCfg = Release|x64
		{D97015AA-4F90-4F2F-BA54-EF2B8BC9F793}.Release|x64.Build.0 = Release|x64
	EndGlobalSection
	GlobalSection(SolutionProperties) = preSolution
		HideSolutionNode = FALSE
	EndGlobalSection
EndGlobal
